// !$*UTF8*$!
{
	archiveVersion = 1;
	classes = {
	};
	objectVersion = 51;
	objects = {

/* Begin PBXBuildFile section */
		BD1A6C25973531298FF242E7 /* Pods_WeatherAppTests.framework in Frameworks */ = {isa = PBXBuildFile; fileRef = 227D501250992A665619A2F5 /* Pods_WeatherAppTests.framework */; };
		D40D223D250FEDA000BAE760 /* AppDelegate.swift in Sources */ = {isa = PBXBuildFile; fileRef = D40D223C250FEDA000BAE760 /* AppDelegate.swift */; };
		D40D223F250FEDA000BAE760 /* SceneDelegate.swift in Sources */ = {isa = PBXBuildFile; fileRef = D40D223E250FEDA000BAE760 /* SceneDelegate.swift */; };
		D40D2246250FEDA500BAE760 /* Assets.xcassets in Resources */ = {isa = PBXBuildFile; fileRef = D40D2245250FEDA500BAE760 /* Assets.xcassets */; };
		D40D2249250FEDA500BAE760 /* LaunchScreen.storyboard in Resources */ = {isa = PBXBuildFile; fileRef = D40D2247250FEDA500BAE760 /* LaunchScreen.storyboard */; };
		D40D2254250FEDA500BAE760 /* WeatherAppTests.swift in Sources */ = {isa = PBXBuildFile; fileRef = D40D2253250FEDA500BAE760 /* WeatherAppTests.swift */; };
		D4178A342512506A00EB27F5 /* ForecastEntity.swift in Sources */ = {isa = PBXBuildFile; fileRef = D4178A332512506A00EB27F5 /* ForecastEntity.swift */; };
		D4178A362512887300EB27F5 /* Date.swift in Sources */ = {isa = PBXBuildFile; fileRef = D4178A352512887300EB27F5 /* Date.swift */; };
		D4178A382512897B00EB27F5 /* String.swift in Sources */ = {isa = PBXBuildFile; fileRef = D4178A372512897B00EB27F5 /* String.swift */; };
		D4178A3B25128BE800EB27F5 /* SectionCell.swift in Sources */ = {isa = PBXBuildFile; fileRef = D4178A3925128BE800EB27F5 /* SectionCell.swift */; };
		D4178A3C25128BE800EB27F5 /* SectionCell.xib in Resources */ = {isa = PBXBuildFile; fileRef = D4178A3A25128BE800EB27F5 /* SectionCell.xib */; };
		D4178A3E25129C8400EB27F5 /* ForecastViewModel+Sections.swift in Sources */ = {isa = PBXBuildFile; fileRef = D4178A3D25129C8400EB27F5 /* ForecastViewModel+Sections.swift */; };
		D4178A402512C69100EB27F5 /* ErrorView.swift in Sources */ = {isa = PBXBuildFile; fileRef = D4178A3F2512C69100EB27F5 /* ErrorView.swift */; };
		D4178A432512C75100EB27F5 /* ErrorView.xib in Resources */ = {isa = PBXBuildFile; fileRef = D4178A422512C75000EB27F5 /* ErrorView.xib */; };
		D438540B2510D21600D93B62 /* ForecastViewController.swift in Sources */ = {isa = PBXBuildFile; fileRef = D43854092510D21600D93B62 /* ForecastViewController.swift */; };
		D438540C2510D21600D93B62 /* ForecastViewController.xib in Resources */ = {isa = PBXBuildFile; fileRef = D438540A2510D21600D93B62 /* ForecastViewController.xib */; };
		D438540E2510D22100D93B62 /* ForecastViewModel.swift in Sources */ = {isa = PBXBuildFile; fileRef = D438540D2510D22100D93B62 /* ForecastViewModel.swift */; };
		D43854102510D23100D93B62 /* ForecastViewAssembly.swift in Sources */ = {isa = PBXBuildFile; fileRef = D438540F2510D23100D93B62 /* ForecastViewAssembly.swift */; };
		D43D77222511537800D4A609 /* Float.swift in Sources */ = {isa = PBXBuildFile; fileRef = D43D77212511537800D4A609 /* Float.swift */; };
		D43D77252511723700D4A609 /* ForecastCell.swift in Sources */ = {isa = PBXBuildFile; fileRef = D43D77232511723700D4A609 /* ForecastCell.swift */; };
		D43D77262511723700D4A609 /* ForecastCell.xib in Resources */ = {isa = PBXBuildFile; fileRef = D43D77242511723700D4A609 /* ForecastCell.xib */; };
		D44B7C4F2511239C00811430 /* WeatherApi.swift in Sources */ = {isa = PBXBuildFile; fileRef = D44B7C4E2511239C00811430 /* WeatherApi.swift */; };
		D44B7C552511252800811430 /* CurrentWeather.swift in Sources */ = {isa = PBXBuildFile; fileRef = D44B7C542511252800811430 /* CurrentWeather.swift */; };
		D45CD11F2510212800AB0DC7 /* WeatherModuleAssembly.swift in Sources */ = {isa = PBXBuildFile; fileRef = D45CD11E2510212800AB0DC7 /* WeatherModuleAssembly.swift */; };
		D45CD1342510300700AB0DC7 /* Montserrat-Medium.ttf in Resources */ = {isa = PBXBuildFile; fileRef = D45CD1222510300300AB0DC7 /* Montserrat-Medium.ttf */; };
		D45CD13D2510300700AB0DC7 /* Montserrat-SemiBold.ttf in Resources */ = {isa = PBXBuildFile; fileRef = D45CD12B2510300500AB0DC7 /* Montserrat-SemiBold.ttf */; };
		D45CD1432510300700AB0DC7 /* Montserrat-Light.ttf in Resources */ = {isa = PBXBuildFile; fileRef = D45CD1312510300600AB0DC7 /* Montserrat-Light.ttf */; };
		D4629D1025100CE30049C301 /* Navigator.swift in Sources */ = {isa = PBXBuildFile; fileRef = D4629D0F25100CE30049C301 /* Navigator.swift */; };
		D4629D1325100CF30049C301 /* Resolver.swift in Sources */ = {isa = PBXBuildFile; fileRef = D4629D1225100CF30049C301 /* Resolver.swift */; };
		D4629D1525100CFA0049C301 /* Module.swift in Sources */ = {isa = PBXBuildFile; fileRef = D4629D1425100CFA0049C301 /* Module.swift */; };
		D4629D1725100D020049C301 /* AppContainer.swift in Sources */ = {isa = PBXBuildFile; fileRef = D4629D1625100D020049C301 /* AppContainer.swift */; };
		D4629D1A25100E650049C301 /* BaseViewController.swift in Sources */ = {isa = PBXBuildFile; fileRef = D4629D1925100E650049C301 /* BaseViewController.swift */; };
		D4629D1C25100E910049C301 /* NavigationViewController.swift in Sources */ = {isa = PBXBuildFile; fileRef = D4629D1B25100E910049C301 /* NavigationViewController.swift */; };
		D4629D1E25100EA70049C301 /* ProgressHud.swift in Sources */ = {isa = PBXBuildFile; fileRef = D4629D1D25100EA70049C301 /* ProgressHud.swift */; };
		D4629D2125100ED60049C301 /* BaseApi.swift in Sources */ = {isa = PBXBuildFile; fileRef = D4629D2025100ED60049C301 /* BaseApi.swift */; };
		D4629D2325100EFF0049C301 /* Decodable.swift in Sources */ = {isa = PBXBuildFile; fileRef = D4629D2225100EFF0049C301 /* Decodable.swift */; };
		D4629D2525100F650049C301 /* ApiGateway.swift in Sources */ = {isa = PBXBuildFile; fileRef = D4629D2425100F650049C301 /* ApiGateway.swift */; };
		D4629D2725100FAC0049C301 /* ApiEndPoint.swift in Sources */ = {isa = PBXBuildFile; fileRef = D4629D2625100FAC0049C301 /* ApiEndPoint.swift */; };
		D4629D2925100FEE0049C301 /* ErrorEntity.swift in Sources */ = {isa = PBXBuildFile; fileRef = D4629D2825100FEE0049C301 /* ErrorEntity.swift */; };
		D4629D2B2510102E0049C301 /* ApiProvider.swift in Sources */ = {isa = PBXBuildFile; fileRef = D4629D2A2510102E0049C301 /* ApiProvider.swift */; };
		D4629D2D251011CA0049C301 /* HudStatus.swift in Sources */ = {isa = PBXBuildFile; fileRef = D4629D2C251011CA0049C301 /* HudStatus.swift */; };
		D4629D31251012290049C301 /* ApiEvent+Rx.swift in Sources */ = {isa = PBXBuildFile; fileRef = D4629D30251012290049C301 /* ApiEvent+Rx.swift */; };
		D4629D33251012410049C301 /* Rx.swift in Sources */ = {isa = PBXBuildFile; fileRef = D4629D32251012410049C301 /* Rx.swift */; };
		D4629D352510126A0049C301 /* UIViewController+Rx.swift in Sources */ = {isa = PBXBuildFile; fileRef = D4629D342510126A0049C301 /* UIViewController+Rx.swift */; };
		D4629D37251012880049C301 /* ProgressHud+Rx.swift in Sources */ = {isa = PBXBuildFile; fileRef = D4629D36251012880049C301 /* ProgressHud+Rx.swift */; };
		D4629D3A251012EA0049C301 /* ReusableKit.swift in Sources */ = {isa = PBXBuildFile; fileRef = D4629D39251012EA0049C301 /* ReusableKit.swift */; };
		D4629D3C251013060049C301 /* UITableView+ReusableKit.swift in Sources */ = {isa = PBXBuildFile; fileRef = D4629D3B251013060049C301 /* UITableView+ReusableKit.swift */; };
		D4629D3F251014400049C301 /* RootAssembler.swift in Sources */ = {isa = PBXBuildFile; fileRef = D4629D3E251014400049C301 /* RootAssembler.swift */; };
		D4629D42251019650049C301 /* CurrentWeatherViewController.swift in Sources */ = {isa = PBXBuildFile; fileRef = D4629D40251019650049C301 /* CurrentWeatherViewController.swift */; };
		D4629D43251019650049C301 /* CurrentWeatherViewController.xib in Resources */ = {isa = PBXBuildFile; fileRef = D4629D41251019650049C301 /* CurrentWeatherViewController.xib */; };
		D4629D45251019750049C301 /* CurrentWeatherViewModel.swift in Sources */ = {isa = PBXBuildFile; fileRef = D4629D44251019750049C301 /* CurrentWeatherViewModel.swift */; };
		D4629D4825101D090049C301 /* CurrentWeatherViewAssembly.swift in Sources */ = {isa = PBXBuildFile; fileRef = D4629D4725101D090049C301 /* CurrentWeatherViewAssembly.swift */; };
		D4629D4A25101D180049C301 /* WeatherModule.swift in Sources */ = {isa = PBXBuildFile; fileRef = D4629D4925101D180049C301 /* WeatherModule.swift */; };
		D4629D4E25101D520049C301 /* AppModule.swift in Sources */ = {isa = PBXBuildFile; fileRef = D4629D4D25101D520049C301 /* AppModule.swift */; };
		D4629D5125101D8F0049C301 /* AppRouter.swift in Sources */ = {isa = PBXBuildFile; fileRef = D4629D5025101D8F0049C301 /* AppRouter.swift */; };
		D4629D5325101DDA0049C301 /* AppRouterAssembly.swift in Sources */ = {isa = PBXBuildFile; fileRef = D4629D5225101DDA0049C301 /* AppRouterAssembly.swift */; };
		D4629D5625101EB90049C301 /* WeatherService.swift in Sources */ = {isa = PBXBuildFile; fileRef = D4629D5525101EB90049C301 /* WeatherService.swift */; };
		E39D006A8F78CC6163C131ED /* Pods_WeatherApp.framework in Frameworks */ = {isa = PBXBuildFile; fileRef = 56440CF12EE8DB8CBE1BBCBC /* Pods_WeatherApp.framework */; };
/* End PBXBuildFile section */

/* Begin PBXContainerItemProxy section */
		D40D2250250FEDA500BAE760 /* PBXContainerItemProxy */ = {
			isa = PBXContainerItemProxy;
			containerPortal = D40D2231250FEDA000BAE760 /* Project object */;
			proxyType = 1;
			remoteGlobalIDString = D40D2238250FEDA000BAE760;
			remoteInfo = WeatherApp;
		};
/* End PBXContainerItemProxy section */

/* Begin PBXFileReference section */
		07EE7E2B3A20ECA50D3EACF5 /* Pods-WeatherApp.release.xcconfig */ = {isa = PBXFileReference; includeInIndex = 1; lastKnownFileType = text.xcconfig; name = "Pods-WeatherApp.release.xcconfig"; path = "Target Support Files/Pods-WeatherApp/Pods-WeatherApp.release.xcconfig"; sourceTree = "<group>"; };
		227D501250992A665619A2F5 /* Pods_WeatherAppTests.framework */ = {isa = PBXFileReference; explicitFileType = wrapper.framework; includeInIndex = 0; path = Pods_WeatherAppTests.framework; sourceTree = BUILT_PRODUCTS_DIR; };
		440E69CF9A67D1ACE489B39A /* Pods-WeatherAppTests.debug.xcconfig */ = {isa = PBXFileReference; includeInIndex = 1; lastKnownFileType = text.xcconfig; name = "Pods-WeatherAppTests.debug.xcconfig"; path = "Target Support Files/Pods-WeatherAppTests/Pods-WeatherAppTests.debug.xcconfig"; sourceTree = "<group>"; };
		56440CF12EE8DB8CBE1BBCBC /* Pods_WeatherApp.framework */ = {isa = PBXFileReference; explicitFileType = wrapper.framework; includeInIndex = 0; path = Pods_WeatherApp.framework; sourceTree = BUILT_PRODUCTS_DIR; };
		AADB2BB1D1ADBE79360940AE /* Pods-WeatherAppTests.release.xcconfig */ = {isa = PBXFileReference; includeInIndex = 1; lastKnownFileType = text.xcconfig; name = "Pods-WeatherAppTests.release.xcconfig"; path = "Target Support Files/Pods-WeatherAppTests/Pods-WeatherAppTests.release.xcconfig"; sourceTree = "<group>"; };
		C4B9C6EF882851AAD3623745 /* Pods-WeatherApp.debug.xcconfig */ = {isa = PBXFileReference; includeInIndex = 1; lastKnownFileType = text.xcconfig; name = "Pods-WeatherApp.debug.xcconfig"; path = "Target Support Files/Pods-WeatherApp/Pods-WeatherApp.debug.xcconfig"; sourceTree = "<group>"; };
		D40D2239250FEDA000BAE760 /* WeatherApp.app */ = {isa = PBXFileReference; explicitFileType = wrapper.application; includeInIndex = 0; path = WeatherApp.app; sourceTree = BUILT_PRODUCTS_DIR; };
		D40D223C250FEDA000BAE760 /* AppDelegate.swift */ = {isa = PBXFileReference; lastKnownFileType = sourcecode.swift; path = AppDelegate.swift; sourceTree = "<group>"; };
		D40D223E250FEDA000BAE760 /* SceneDelegate.swift */ = {isa = PBXFileReference; lastKnownFileType = sourcecode.swift; path = SceneDelegate.swift; sourceTree = "<group>"; };
		D40D2245250FEDA500BAE760 /* Assets.xcassets */ = {isa = PBXFileReference; lastKnownFileType = folder.assetcatalog; path = Assets.xcassets; sourceTree = "<group>"; };
		D40D2248250FEDA500BAE760 /* Base */ = {isa = PBXFileReference; lastKnownFileType = file.storyboard; name = Base; path = Base.lproj/LaunchScreen.storyboard; sourceTree = "<group>"; };
		D40D224A250FEDA500BAE760 /* Info.plist */ = {isa = PBXFileReference; lastKnownFileType = text.plist.xml; path = Info.plist; sourceTree = "<group>"; };
		D40D224F250FEDA500BAE760 /* WeatherAppTests.xctest */ = {isa = PBXFileReference; explicitFileType = wrapper.cfbundle; includeInIndex = 0; path = WeatherAppTests.xctest; sourceTree = BUILT_PRODUCTS_DIR; };
		D40D2253250FEDA500BAE760 /* WeatherAppTests.swift */ = {isa = PBXFileReference; lastKnownFileType = sourcecode.swift; path = WeatherAppTests.swift; sourceTree = "<group>"; };
		D40D2255250FEDA500BAE760 /* Info.plist */ = {isa = PBXFileReference; lastKnownFileType = text.plist.xml; path = Info.plist; sourceTree = "<group>"; };
		D4178A332512506A00EB27F5 /* ForecastEntity.swift */ = {isa = PBXFileReference; lastKnownFileType = sourcecode.swift; path = ForecastEntity.swift; sourceTree = "<group>"; };
		D4178A352512887300EB27F5 /* Date.swift */ = {isa = PBXFileReference; lastKnownFileType = sourcecode.swift; path = Date.swift; sourceTree = "<group>"; };
		D4178A372512897B00EB27F5 /* String.swift */ = {isa = PBXFileReference; lastKnownFileType = sourcecode.swift; path = String.swift; sourceTree = "<group>"; };
		D4178A3925128BE800EB27F5 /* SectionCell.swift */ = {isa = PBXFileReference; lastKnownFileType = sourcecode.swift; path = SectionCell.swift; sourceTree = "<group>"; };
		D4178A3A25128BE800EB27F5 /* SectionCell.xib */ = {isa = PBXFileReference; lastKnownFileType = file.xib; path = SectionCell.xib; sourceTree = "<group>"; };
		D4178A3D25129C8400EB27F5 /* ForecastViewModel+Sections.swift */ = {isa = PBXFileReference; lastKnownFileType = sourcecode.swift; path = "ForecastViewModel+Sections.swift"; sourceTree = "<group>"; };
		D4178A3F2512C69100EB27F5 /* ErrorView.swift */ = {isa = PBXFileReference; lastKnownFileType = sourcecode.swift; path = ErrorView.swift; sourceTree = "<group>"; };
		D4178A422512C75000EB27F5 /* ErrorView.xib */ = {isa = PBXFileReference; lastKnownFileType = file.xib; path = ErrorView.xib; sourceTree = "<group>"; };
		D43854092510D21600D93B62 /* ForecastViewController.swift */ = {isa = PBXFileReference; lastKnownFileType = sourcecode.swift; path = ForecastViewController.swift; sourceTree = "<group>"; };
		D438540A2510D21600D93B62 /* ForecastViewController.xib */ = {isa = PBXFileReference; lastKnownFileType = file.xib; path = ForecastViewController.xib; sourceTree = "<group>"; };
		D438540D2510D22100D93B62 /* ForecastViewModel.swift */ = {isa = PBXFileReference; lastKnownFileType = sourcecode.swift; path = ForecastViewModel.swift; sourceTree = "<group>"; };
		D438540F2510D23100D93B62 /* ForecastViewAssembly.swift */ = {isa = PBXFileReference; lastKnownFileType = sourcecode.swift; path = ForecastViewAssembly.swift; sourceTree = "<group>"; };
		D43D77212511537800D4A609 /* Float.swift */ = {isa = PBXFileReference; lastKnownFileType = sourcecode.swift; path = Float.swift; sourceTree = "<group>"; };
		D43D77232511723700D4A609 /* ForecastCell.swift */ = {isa = PBXFileReference; lastKnownFileType = sourcecode.swift; path = ForecastCell.swift; sourceTree = "<group>"; };
		D43D77242511723700D4A609 /* ForecastCell.xib */ = {isa = PBXFileReference; lastKnownFileType = file.xib; path = ForecastCell.xib; sourceTree = "<group>"; };
		D44B7C4E2511239C00811430 /* WeatherApi.swift */ = {isa = PBXFileReference; lastKnownFileType = sourcecode.swift; path = WeatherApi.swift; sourceTree = "<group>"; };
		D44B7C542511252800811430 /* CurrentWeather.swift */ = {isa = PBXFileReference; lastKnownFileType = sourcecode.swift; path = CurrentWeather.swift; sourceTree = "<group>"; };
		D45CD11E2510212800AB0DC7 /* WeatherModuleAssembly.swift */ = {isa = PBXFileReference; lastKnownFileType = sourcecode.swift; path = WeatherModuleAssembly.swift; sourceTree = "<group>"; };
		D45CD1222510300300AB0DC7 /* Montserrat-Medium.ttf */ = {isa = PBXFileReference; lastKnownFileType = file; path = "Montserrat-Medium.ttf"; sourceTree = "<group>"; };
		D45CD12B2510300500AB0DC7 /* Montserrat-SemiBold.ttf */ = {isa = PBXFileReference; lastKnownFileType = file; path = "Montserrat-SemiBold.ttf"; sourceTree = "<group>"; };
		D45CD1312510300600AB0DC7 /* Montserrat-Light.ttf */ = {isa = PBXFileReference; lastKnownFileType = file; path = "Montserrat-Light.ttf"; sourceTree = "<group>"; };
		D4629D0F25100CE30049C301 /* Navigator.swift */ = {isa = PBXFileReference; lastKnownFileType = sourcecode.swift; path = Navigator.swift; sourceTree = "<group>"; };
		D4629D1225100CF30049C301 /* Resolver.swift */ = {isa = PBXFileReference; lastKnownFileType = sourcecode.swift; path = Resolver.swift; sourceTree = "<group>"; };
		D4629D1425100CFA0049C301 /* Module.swift */ = {isa = PBXFileReference; lastKnownFileType = sourcecode.swift; path = Module.swift; sourceTree = "<group>"; };
		D4629D1625100D020049C301 /* AppContainer.swift */ = {isa = PBXFileReference; lastKnownFileType = sourcecode.swift; path = AppContainer.swift; sourceTree = "<group>"; };
		D4629D1925100E650049C301 /* BaseViewController.swift */ = {isa = PBXFileReference; lastKnownFileType = sourcecode.swift; path = BaseViewController.swift; sourceTree = "<group>"; };
		D4629D1B25100E910049C301 /* NavigationViewController.swift */ = {isa = PBXFileReference; lastKnownFileType = sourcecode.swift; path = NavigationViewController.swift; sourceTree = "<group>"; };
		D4629D1D25100EA70049C301 /* ProgressHud.swift */ = {isa = PBXFileReference; lastKnownFileType = sourcecode.swift; path = ProgressHud.swift; sourceTree = "<group>"; };
		D4629D2025100ED60049C301 /* BaseApi.swift */ = {isa = PBXFileReference; lastKnownFileType = sourcecode.swift; path = BaseApi.swift; sourceTree = "<group>"; };
		D4629D2225100EFF0049C301 /* Decodable.swift */ = {isa = PBXFileReference; lastKnownFileType = sourcecode.swift; path = Decodable.swift; sourceTree = "<group>"; };
		D4629D2425100F650049C301 /* ApiGateway.swift */ = {isa = PBXFileReference; lastKnownFileType = sourcecode.swift; path = ApiGateway.swift; sourceTree = "<group>"; };
		D4629D2625100FAC0049C301 /* ApiEndPoint.swift */ = {isa = PBXFileReference; lastKnownFileType = sourcecode.swift; path = ApiEndPoint.swift; sourceTree = "<group>"; };
		D4629D2825100FEE0049C301 /* ErrorEntity.swift */ = {isa = PBXFileReference; lastKnownFileType = sourcecode.swift; path = ErrorEntity.swift; sourceTree = "<group>"; };
		D4629D2A2510102E0049C301 /* ApiProvider.swift */ = {isa = PBXFileReference; lastKnownFileType = sourcecode.swift; path = ApiProvider.swift; sourceTree = "<group>"; };
		D4629D2C251011CA0049C301 /* HudStatus.swift */ = {isa = PBXFileReference; lastKnownFileType = sourcecode.swift; path = HudStatus.swift; sourceTree = "<group>"; };
		D4629D30251012290049C301 /* ApiEvent+Rx.swift */ = {isa = PBXFileReference; lastKnownFileType = sourcecode.swift; path = "ApiEvent+Rx.swift"; sourceTree = "<group>"; };
		D4629D32251012410049C301 /* Rx.swift */ = {isa = PBXFileReference; lastKnownFileType = sourcecode.swift; path = Rx.swift; sourceTree = "<group>"; };
		D4629D342510126A0049C301 /* UIViewController+Rx.swift */ = {isa = PBXFileReference; lastKnownFileType = sourcecode.swift; path = "UIViewController+Rx.swift"; sourceTree = "<group>"; };
		D4629D36251012880049C301 /* ProgressHud+Rx.swift */ = {isa = PBXFileReference; lastKnownFileType = sourcecode.swift; path = "ProgressHud+Rx.swift"; sourceTree = "<group>"; };
		D4629D39251012EA0049C301 /* ReusableKit.swift */ = {isa = PBXFileReference; lastKnownFileType = sourcecode.swift; path = ReusableKit.swift; sourceTree = "<group>"; };
		D4629D3B251013060049C301 /* UITableView+ReusableKit.swift */ = {isa = PBXFileReference; lastKnownFileType = sourcecode.swift; path = "UITableView+ReusableKit.swift"; sourceTree = "<group>"; };
		D4629D3E251014400049C301 /* RootAssembler.swift */ = {isa = PBXFileReference; lastKnownFileType = sourcecode.swift; path = RootAssembler.swift; sourceTree = "<group>"; };
		D4629D40251019650049C301 /* CurrentWeatherViewController.swift */ = {isa = PBXFileReference; lastKnownFileType = sourcecode.swift; path = CurrentWeatherViewController.swift; sourceTree = "<group>"; };
		D4629D41251019650049C301 /* CurrentWeatherViewController.xib */ = {isa = PBXFileReference; lastKnownFileType = file.xib; path = CurrentWeatherViewController.xib; sourceTree = "<group>"; };
		D4629D44251019750049C301 /* CurrentWeatherViewModel.swift */ = {isa = PBXFileReference; lastKnownFileType = sourcecode.swift; path = CurrentWeatherViewModel.swift; sourceTree = "<group>"; };
		D4629D4725101D090049C301 /* CurrentWeatherViewAssembly.swift */ = {isa = PBXFileReference; lastKnownFileType = sourcecode.swift; path = CurrentWeatherViewAssembly.swift; sourceTree = "<group>"; };
		D4629D4925101D180049C301 /* WeatherModule.swift */ = {isa = PBXFileReference; lastKnownFileType = sourcecode.swift; path = WeatherModule.swift; sourceTree = "<group>"; };
		D4629D4D25101D520049C301 /* AppModule.swift */ = {isa = PBXFileReference; lastKnownFileType = sourcecode.swift; path = AppModule.swift; sourceTree = "<group>"; };
		D4629D5025101D8F0049C301 /* AppRouter.swift */ = {isa = PBXFileReference; lastKnownFileType = sourcecode.swift; path = AppRouter.swift; sourceTree = "<group>"; };
		D4629D5225101DDA0049C301 /* AppRouterAssembly.swift */ = {isa = PBXFileReference; lastKnownFileType = sourcecode.swift; path = AppRouterAssembly.swift; sourceTree = "<group>"; };
		D4629D5525101EB90049C301 /* WeatherService.swift */ = {isa = PBXFileReference; lastKnownFileType = sourcecode.swift; path = WeatherService.swift; sourceTree = "<group>"; };
/* End PBXFileReference section */

/* Begin PBXFrameworksBuildPhase section */
		D40D2236250FEDA000BAE760 /* Frameworks */ = {
			isa = PBXFrameworksBuildPhase;
			buildActionMask = 2147483647;
			files = (
				E39D006A8F78CC6163C131ED /* Pods_WeatherApp.framework in Frameworks */,
			);
			runOnlyForDeploymentPostprocessing = 0;
		};
		D40D224C250FEDA500BAE760 /* Frameworks */ = {
			isa = PBXFrameworksBuildPhase;
			buildActionMask = 2147483647;
			files = (
				BD1A6C25973531298FF242E7 /* Pods_WeatherAppTests.framework in Frameworks */,
			);
			runOnlyForDeploymentPostprocessing = 0;
		};
/* End PBXFrameworksBuildPhase section */

/* Begin PBXGroup section */
		287890F6A75DFF8ED0FC1642 /* Pods */ = {
			isa = PBXGroup;
			children = (
				C4B9C6EF882851AAD3623745 /* Pods-WeatherApp.debug.xcconfig */,
				07EE7E2B3A20ECA50D3EACF5 /* Pods-WeatherApp.release.xcconfig */,
				440E69CF9A67D1ACE489B39A /* Pods-WeatherAppTests.debug.xcconfig */,
				AADB2BB1D1ADBE79360940AE /* Pods-WeatherAppTests.release.xcconfig */,
			);
			path = Pods;
			sourceTree = "<group>";
		};
		74BFFF81028BC7995F04F841 /* Frameworks */ = {
			isa = PBXGroup;
			children = (
				56440CF12EE8DB8CBE1BBCBC /* Pods_WeatherApp.framework */,
				227D501250992A665619A2F5 /* Pods_WeatherAppTests.framework */,
			);
			name = Frameworks;
			sourceTree = "<group>";
		};
		D40D2230250FEDA000BAE760 = {
			isa = PBXGroup;
			children = (
				D40D223B250FEDA000BAE760 /* WeatherApp */,
				D40D2252250FEDA500BAE760 /* WeatherAppTests */,
				D40D223A250FEDA000BAE760 /* Products */,
				287890F6A75DFF8ED0FC1642 /* Pods */,
				74BFFF81028BC7995F04F841 /* Frameworks */,
			);
			sourceTree = "<group>";
		};
		D40D223A250FEDA000BAE760 /* Products */ = {
			isa = PBXGroup;
			children = (
				D40D2239250FEDA000BAE760 /* WeatherApp.app */,
				D40D224F250FEDA500BAE760 /* WeatherAppTests.xctest */,
			);
			name = Products;
			sourceTree = "<group>";
		};
		D40D223B250FEDA000BAE760 /* WeatherApp */ = {
			isa = PBXGroup;
			children = (
				D40D223C250FEDA000BAE760 /* AppDelegate.swift */,
				D40D223E250FEDA000BAE760 /* SceneDelegate.swift */,
				D4629D2E2510120F0049C301 /* Extensions */,
				D4629D0D25100CB50049C301 /* Components */,
				D4629D0A25100C530049C301 /* Modules */,
				D4629D0925100C320049C301 /* Resources */,
			);
			path = WeatherApp;
			sourceTree = "<group>";
		};
		D40D2252250FEDA500BAE760 /* WeatherAppTests */ = {
			isa = PBXGroup;
			children = (
				D40D2253250FEDA500BAE760 /* WeatherAppTests.swift */,
				D40D2255250FEDA500BAE760 /* Info.plist */,
			);
			path = WeatherAppTests;
			sourceTree = "<group>";
		};
		D4178A412512C70600EB27F5 /* Views */ = {
			isa = PBXGroup;
			children = (
				D4178A3F2512C69100EB27F5 /* ErrorView.swift */,
				D4178A422512C75000EB27F5 /* ErrorView.xib */,
			);
			path = Views;
			sourceTree = "<group>";
		};
		D43854082510CEB500D93B62 /* Forecast */ = {
			isa = PBXGroup;
			children = (
				D455043A2510DA23005E8724 /* View */,
				D455043B2510DA64005E8724 /* ViewModel */,
				D438540F2510D23100D93B62 /* ForecastViewAssembly.swift */,
			);
			path = Forecast;
			sourceTree = "<group>";
		};
		D43D77272511723B00D4A609 /* Cells */ = {
			isa = PBXGroup;
			children = (
				D43D77232511723700D4A609 /* ForecastCell.swift */,
				D43D77242511723700D4A609 /* ForecastCell.xib */,
				D4178A3925128BE800EB27F5 /* SectionCell.swift */,
				D4178A3A25128BE800EB27F5 /* SectionCell.xib */,
			);
			path = Cells;
			sourceTree = "<group>";
		};
		D44B7C50251123AF00811430 /* Weather */ = {
			isa = PBXGroup;
			children = (
				D44B7C53251124DE00811430 /* Entity */,
				D44B7C52251124D500811430 /* Api */,
			);
			path = Weather;
			sourceTree = "<group>";
		};
		D44B7C512511243200811430 /* Service */ = {
			isa = PBXGroup;
			children = (
				D4629D5525101EB90049C301 /* WeatherService.swift */,
			);
			path = Service;
			sourceTree = "<group>";
		};
		D44B7C52251124D500811430 /* Api */ = {
			isa = PBXGroup;
			children = (
				D44B7C4E2511239C00811430 /* WeatherApi.swift */,
			);
			path = Api;
			sourceTree = "<group>";
		};
		D44B7C53251124DE00811430 /* Entity */ = {
			isa = PBXGroup;
			children = (
				D44B7C542511252800811430 /* CurrentWeather.swift */,
				D4178A332512506A00EB27F5 /* ForecastEntity.swift */,
			);
			path = Entity;
			sourceTree = "<group>";
		};
		D455043A2510DA23005E8724 /* View */ = {
			isa = PBXGroup;
			children = (
				D43854092510D21600D93B62 /* ForecastViewController.swift */,
				D438540A2510D21600D93B62 /* ForecastViewController.xib */,
				D43D77272511723B00D4A609 /* Cells */,
			);
			path = View;
			sourceTree = "<group>";
		};
		D455043B2510DA64005E8724 /* ViewModel */ = {
			isa = PBXGroup;
			children = (
				D438540D2510D22100D93B62 /* ForecastViewModel.swift */,
				D4178A3D25129C8400EB27F5 /* ForecastViewModel+Sections.swift */,
			);
			path = ViewModel;
			sourceTree = "<group>";
		};
		D45CD12025102FE900AB0DC7 /* Fonts */ = {
			isa = PBXGroup;
			children = (
				D45CD1312510300600AB0DC7 /* Montserrat-Light.ttf */,
				D45CD1222510300300AB0DC7 /* Montserrat-Medium.ttf */,
				D45CD12B2510300500AB0DC7 /* Montserrat-SemiBold.ttf */,
			);
			path = Fonts;
			sourceTree = "<group>";
		};
		D4629D0925100C320049C301 /* Resources */ = {
			isa = PBXGroup;
			children = (
				D45CD12025102FE900AB0DC7 /* Fonts */,
				D40D2245250FEDA500BAE760 /* Assets.xcassets */,
				D40D2247250FEDA500BAE760 /* LaunchScreen.storyboard */,
				D40D224A250FEDA500BAE760 /* Info.plist */,
			);
			path = Resources;
			sourceTree = "<group>";
		};
		D4629D0A25100C530049C301 /* Modules */ = {
			isa = PBXGroup;
			children = (
				D4629D3E251014400049C301 /* RootAssembler.swift */,
				D4629D0B25100C5C0049C301 /* AppModule */,
				D4629D4625101CE50049C301 /* WeatherModule */,
			);
			path = Modules;
			sourceTree = "<group>";
		};
		D4629D0B25100C5C0049C301 /* AppModule */ = {
			isa = PBXGroup;
			children = (
				D4629D4D25101D520049C301 /* AppModule.swift */,
				D4629D4F25101D760049C301 /* Router */,
			);
			path = AppModule;
			sourceTree = "<group>";
		};
		D4629D0D25100CB50049C301 /* Components */ = {
			isa = PBXGroup;
			children = (
				D4629D1F25100EC70049C301 /* APIUtils */,
				D4629D1825100E460049C301 /* UI */,
				D4629D1125100CE70049C301 /* DI */,
				D4629D0E25100CBE0049C301 /* Navigation */,
			);
			path = Components;
			sourceTree = "<group>";
		};
		D4629D0E25100CBE0049C301 /* Navigation */ = {
			isa = PBXGroup;
			children = (
				D4629D0F25100CE30049C301 /* Navigator.swift */,
			);
			path = Navigation;
			sourceTree = "<group>";
		};
		D4629D1125100CE70049C301 /* DI */ = {
			isa = PBXGroup;
			children = (
				D4629D1225100CF30049C301 /* Resolver.swift */,
				D4629D1425100CFA0049C301 /* Module.swift */,
				D4629D1625100D020049C301 /* AppContainer.swift */,
			);
			path = DI;
			sourceTree = "<group>";
		};
		D4629D1825100E460049C301 /* UI */ = {
			isa = PBXGroup;
			children = (
				D4629D1925100E650049C301 /* BaseViewController.swift */,
				D4629D1B25100E910049C301 /* NavigationViewController.swift */,
				D4629D1D25100EA70049C301 /* ProgressHud.swift */,
				D4178A412512C70600EB27F5 /* Views */,
			);
			path = UI;
			sourceTree = "<group>";
		};
		D4629D1F25100EC70049C301 /* APIUtils */ = {
			isa = PBXGroup;
			children = (
				D4629D2025100ED60049C301 /* BaseApi.swift */,
				D4629D2425100F650049C301 /* ApiGateway.swift */,
				D4629D2625100FAC0049C301 /* ApiEndPoint.swift */,
				D4629D2825100FEE0049C301 /* ErrorEntity.swift */,
				D4629D2A2510102E0049C301 /* ApiProvider.swift */,
				D4629D2C251011CA0049C301 /* HudStatus.swift */,
				D44B7C50251123AF00811430 /* Weather */,
			);
			path = APIUtils;
			sourceTree = "<group>";
		};
		D4629D2E2510120F0049C301 /* Extensions */ = {
			isa = PBXGroup;
			children = (
				D4629D2225100EFF0049C301 /* Decodable.swift */,
				D4629D38251012D20049C301 /* UI */,
				D4629D2F251012180049C301 /* Rx */,
				D43D77212511537800D4A609 /* Float.swift */,
				D4178A352512887300EB27F5 /* Date.swift */,
				D4178A372512897B00EB27F5 /* String.swift */,
			);
			path = Extensions;
			sourceTree = "<group>";
		};
		D4629D2F251012180049C301 /* Rx */ = {
			isa = PBXGroup;
			children = (
				D4629D30251012290049C301 /* ApiEvent+Rx.swift */,
				D4629D32251012410049C301 /* Rx.swift */,
				D4629D342510126A0049C301 /* UIViewController+Rx.swift */,
				D4629D36251012880049C301 /* ProgressHud+Rx.swift */,
			);
			path = Rx;
			sourceTree = "<group>";
		};
		D4629D38251012D20049C301 /* UI */ = {
			isa = PBXGroup;
			children = (
				D4629D39251012EA0049C301 /* ReusableKit.swift */,
				D4629D3B251013060049C301 /* UITableView+ReusableKit.swift */,
			);
			path = UI;
			sourceTree = "<group>";
		};
		D4629D4625101CE50049C301 /* WeatherModule */ = {
			isa = PBXGroup;
			children = (
				D43854082510CEB500D93B62 /* Forecast */,
				D4629D5425101E870049C301 /* CurrentWeather */,
				D4629D4925101D180049C301 /* WeatherModule.swift */,
				D45CD11E2510212800AB0DC7 /* WeatherModuleAssembly.swift */,
				D44B7C512511243200811430 /* Service */,
			);
			path = WeatherModule;
			sourceTree = "<group>";
		};
		D4629D4B25101D1E0049C301 /* ViewModel */ = {
			isa = PBXGroup;
			children = (
				D4629D44251019750049C301 /* CurrentWeatherViewModel.swift */,
			);
			path = ViewModel;
			sourceTree = "<group>";
		};
		D4629D4C25101D280049C301 /* View */ = {
			isa = PBXGroup;
			children = (
				D4629D40251019650049C301 /* CurrentWeatherViewController.swift */,
				D4629D41251019650049C301 /* CurrentWeatherViewController.xib */,
			);
			path = View;
			sourceTree = "<group>";
		};
		D4629D4F25101D760049C301 /* Router */ = {
			isa = PBXGroup;
			children = (
				D4629D5025101D8F0049C301 /* AppRouter.swift */,
				D4629D5225101DDA0049C301 /* AppRouterAssembly.swift */,
			);
			path = Router;
			sourceTree = "<group>";
		};
		D4629D5425101E870049C301 /* CurrentWeather */ = {
			isa = PBXGroup;
			children = (
				D4629D4C25101D280049C301 /* View */,
				D4629D4B25101D1E0049C301 /* ViewModel */,
				D4629D4725101D090049C301 /* CurrentWeatherViewAssembly.swift */,
			);
			path = CurrentWeather;
			sourceTree = "<group>";
		};
/* End PBXGroup section */

/* Begin PBXNativeTarget section */
		D40D2238250FEDA000BAE760 /* WeatherApp */ = {
			isa = PBXNativeTarget;
			buildConfigurationList = D40D2258250FEDA500BAE760 /* Build configuration list for PBXNativeTarget "WeatherApp" */;
			buildPhases = (
				8B3922E85F96AE217E003D7C /* [CP] Check Pods Manifest.lock */,
				D40D2235250FEDA000BAE760 /* Sources */,
				D40D2236250FEDA000BAE760 /* Frameworks */,
				D40D2237250FEDA000BAE760 /* Resources */,
				C95C5CA36273D18E8CF277F5 /* [CP] Embed Pods Frameworks */,
			);
			buildRules = (
			);
			dependencies = (
			);
			name = WeatherApp;
			productName = WeatherApp;
			productReference = D40D2239250FEDA000BAE760 /* WeatherApp.app */;
			productType = "com.apple.product-type.application";
		};
		D40D224E250FEDA500BAE760 /* WeatherAppTests */ = {
			isa = PBXNativeTarget;
			buildConfigurationList = D40D225B250FEDA500BAE760 /* Build configuration list for PBXNativeTarget "WeatherAppTests" */;
			buildPhases = (
				44D448C7D73B4ED67F1B1F4D /* [CP] Check Pods Manifest.lock */,
				D40D224B250FEDA500BAE760 /* Sources */,
				D40D224C250FEDA500BAE760 /* Frameworks */,
				D40D224D250FEDA500BAE760 /* Resources */,
				EEF6781282EB55B3BD4941DB /* [CP] Embed Pods Frameworks */,
			);
			buildRules = (
			);
			dependencies = (
				D40D2251250FEDA500BAE760 /* PBXTargetDependency */,
			);
			name = WeatherAppTests;
			productName = WeatherAppTests;
			productReference = D40D224F250FEDA500BAE760 /* WeatherAppTests.xctest */;
			productType = "com.apple.product-type.bundle.unit-test";
		};
/* End PBXNativeTarget section */

/* Begin PBXProject section */
		D40D2231250FEDA000BAE760 /* Project object */ = {
			isa = PBXProject;
			attributes = {
				LastSwiftUpdateCheck = 1130;
				LastUpgradeCheck = 1130;
				ORGANIZATIONNAME = "Oleksandr Vaker";
				TargetAttributes = {
					D40D2238250FEDA000BAE760 = {
						CreatedOnToolsVersion = 11.3.1;
					};
					D40D224E250FEDA500BAE760 = {
						CreatedOnToolsVersion = 11.3.1;
						TestTargetID = D40D2238250FEDA000BAE760;
					};
				};
			};
			buildConfigurationList = D40D2234250FEDA000BAE760 /* Build configuration list for PBXProject "WeatherApp" */;
			compatibilityVersion = "Xcode 9.3";
			developmentRegion = en;
			hasScannedForEncodings = 0;
			knownRegions = (
				en,
				Base,
			);
			mainGroup = D40D2230250FEDA000BAE760;
			productRefGroup = D40D223A250FEDA000BAE760 /* Products */;
			projectDirPath = "";
			projectRoot = "";
			targets = (
				D40D2238250FEDA000BAE760 /* WeatherApp */,
				D40D224E250FEDA500BAE760 /* WeatherAppTests */,
			);
		};
/* End PBXProject section */

/* Begin PBXResourcesBuildPhase section */
		D40D2237250FEDA000BAE760 /* Resources */ = {
			isa = PBXResourcesBuildPhase;
			buildActionMask = 2147483647;
			files = (
				D43D77262511723700D4A609 /* ForecastCell.xib in Resources */,
				D45CD1432510300700AB0DC7 /* Montserrat-Light.ttf in Resources */,
				D438540C2510D21600D93B62 /* ForecastViewController.xib in Resources */,
				D45CD1342510300700AB0DC7 /* Montserrat-Medium.ttf in Resources */,
				D4629D43251019650049C301 /* CurrentWeatherViewController.xib in Resources */,
				D40D2249250FEDA500BAE760 /* LaunchScreen.storyboard in Resources */,
				D45CD13D2510300700AB0DC7 /* Montserrat-SemiBold.ttf in Resources */,
				D40D2246250FEDA500BAE760 /* Assets.xcassets in Resources */,
				D4178A3C25128BE800EB27F5 /* SectionCell.xib in Resources */,
				D4178A432512C75100EB27F5 /* ErrorView.xib in Resources */,
			);
			runOnlyForDeploymentPostprocessing = 0;
		};
		D40D224D250FEDA500BAE760 /* Resources */ = {
			isa = PBXResourcesBuildPhase;
			buildActionMask = 2147483647;
			files = (
			);
			runOnlyForDeploymentPostprocessing = 0;
		};
/* End PBXResourcesBuildPhase section */

/* Begin PBXShellScriptBuildPhase section */
		44D448C7D73B4ED67F1B1F4D /* [CP] Check Pods Manifest.lock */ = {
			isa = PBXShellScriptBuildPhase;
			buildActionMask = 2147483647;
			files = (
			);
			inputFileListPaths = (
			);
			inputPaths = (
				"${PODS_PODFILE_DIR_PATH}/Podfile.lock",
				"${PODS_ROOT}/Manifest.lock",
			);
			name = "[CP] Check Pods Manifest.lock";
			outputFileListPaths = (
			);
			outputPaths = (
				"$(DERIVED_FILE_DIR)/Pods-WeatherAppTests-checkManifestLockResult.txt",
			);
			runOnlyForDeploymentPostprocessing = 0;
			shellPath = /bin/sh;
			shellScript = "diff \"${PODS_PODFILE_DIR_PATH}/Podfile.lock\" \"${PODS_ROOT}/Manifest.lock\" > /dev/null\nif [ $? != 0 ] ; then\n    # print error to STDERR\n    echo \"error: The sandbox is not in sync with the Podfile.lock. Run 'pod install' or update your CocoaPods installation.\" >&2\n    exit 1\nfi\n# This output is used by Xcode 'outputs' to avoid re-running this script phase.\necho \"SUCCESS\" > \"${SCRIPT_OUTPUT_FILE_0}\"\n";
			showEnvVarsInLog = 0;
		};
		8B3922E85F96AE217E003D7C /* [CP] Check Pods Manifest.lock */ = {
			isa = PBXShellScriptBuildPhase;
			buildActionMask = 2147483647;
			files = (
			);
			inputFileListPaths = (
			);
			inputPaths = (
				"${PODS_PODFILE_DIR_PATH}/Podfile.lock",
				"${PODS_ROOT}/Manifest.lock",
			);
			name = "[CP] Check Pods Manifest.lock";
			outputFileListPaths = (
			);
			outputPaths = (
				"$(DERIVED_FILE_DIR)/Pods-WeatherApp-checkManifestLockResult.txt",
			);
			runOnlyForDeploymentPostprocessing = 0;
			shellPath = /bin/sh;
			shellScript = "diff \"${PODS_PODFILE_DIR_PATH}/Podfile.lock\" \"${PODS_ROOT}/Manifest.lock\" > /dev/null\nif [ $? != 0 ] ; then\n    # print error to STDERR\n    echo \"error: The sandbox is not in sync with the Podfile.lock. Run 'pod install' or update your CocoaPods installation.\" >&2\n    exit 1\nfi\n# This output is used by Xcode 'outputs' to avoid re-running this script phase.\necho \"SUCCESS\" > \"${SCRIPT_OUTPUT_FILE_0}\"\n";
			showEnvVarsInLog = 0;
		};
		C95C5CA36273D18E8CF277F5 /* [CP] Embed Pods Frameworks */ = {
			isa = PBXShellScriptBuildPhase;
			buildActionMask = 2147483647;
			files = (
			);
			inputFileListPaths = (
				"${PODS_ROOT}/Target Support Files/Pods-WeatherApp/Pods-WeatherApp-frameworks-${CONFIGURATION}-input-files.xcfilelist",
			);
			name = "[CP] Embed Pods Frameworks";
			outputFileListPaths = (
				"${PODS_ROOT}/Target Support Files/Pods-WeatherApp/Pods-WeatherApp-frameworks-${CONFIGURATION}-output-files.xcfilelist",
			);
			runOnlyForDeploymentPostprocessing = 0;
			shellPath = /bin/sh;
			shellScript = "\"${PODS_ROOT}/Target Support Files/Pods-WeatherApp/Pods-WeatherApp-frameworks.sh\"\n";
			showEnvVarsInLog = 0;
		};
		EEF6781282EB55B3BD4941DB /* [CP] Embed Pods Frameworks */ = {
			isa = PBXShellScriptBuildPhase;
			buildActionMask = 2147483647;
			files = (
			);
			inputFileListPaths = (
				"${PODS_ROOT}/Target Support Files/Pods-WeatherAppTests/Pods-WeatherAppTests-frameworks-${CONFIGURATION}-input-files.xcfilelist",
			);
			name = "[CP] Embed Pods Frameworks";
			outputFileListPaths = (
				"${PODS_ROOT}/Target Support Files/Pods-WeatherAppTests/Pods-WeatherAppTests-frameworks-${CONFIGURATION}-output-files.xcfilelist",
			);
			runOnlyForDeploymentPostprocessing = 0;
			shellPath = /bin/sh;
			shellScript = "\"${PODS_ROOT}/Target Support Files/Pods-WeatherAppTests/Pods-WeatherAppTests-frameworks.sh\"\n";
			showEnvVarsInLog = 0;
		};
/* End PBXShellScriptBuildPhase section */

/* Begin PBXSourcesBuildPhase section */
		D40D2235250FEDA000BAE760 /* Sources */ = {
			isa = PBXSourcesBuildPhase;
			buildActionMask = 2147483647;
			files = (
				D4629D4A25101D180049C301 /* WeatherModule.swift in Sources */,
				D4178A3B25128BE800EB27F5 /* SectionCell.swift in Sources */,
				D4629D31251012290049C301 /* ApiEvent+Rx.swift in Sources */,
				D4629D2725100FAC0049C301 /* ApiEndPoint.swift in Sources */,
				D4629D37251012880049C301 /* ProgressHud+Rx.swift in Sources */,
				D4629D1C25100E910049C301 /* NavigationViewController.swift in Sources */,
				D4629D4825101D090049C301 /* CurrentWeatherViewAssembly.swift in Sources */,
				D4629D3F251014400049C301 /* RootAssembler.swift in Sources */,
				D40D223D250FEDA000BAE760 /* AppDelegate.swift in Sources */,
				D4629D5625101EB90049C301 /* WeatherService.swift in Sources */,
				D40D223F250FEDA000BAE760 /* SceneDelegate.swift in Sources */,
				D4629D4E25101D520049C301 /* AppModule.swift in Sources */,
				D4178A342512506A00EB27F5 /* ForecastEntity.swift in Sources */,
				D4629D2125100ED60049C301 /* BaseApi.swift in Sources */,
				D4178A3E25129C8400EB27F5 /* ForecastViewModel+Sections.swift in Sources */,
				D4178A362512887300EB27F5 /* Date.swift in Sources */,
				D4629D1025100CE30049C301 /* Navigator.swift in Sources */,
				D4629D3A251012EA0049C301 /* ReusableKit.swift in Sources */,
				D45CD11F2510212800AB0DC7 /* WeatherModuleAssembly.swift in Sources */,
				D4629D2325100EFF0049C301 /* Decodable.swift in Sources */,
				D4178A382512897B00EB27F5 /* String.swift in Sources */,
				D43854102510D23100D93B62 /* ForecastViewAssembly.swift in Sources */,
				D44B7C4F2511239C00811430 /* WeatherApi.swift in Sources */,
				D4629D42251019650049C301 /* CurrentWeatherViewController.swift in Sources */,
				D4629D45251019750049C301 /* CurrentWeatherViewModel.swift in Sources */,
				D4178A402512C69100EB27F5 /* ErrorView.swift in Sources */,
				D4629D2925100FEE0049C301 /* ErrorEntity.swift in Sources */,
				D4629D3C251013060049C301 /* UITableView+ReusableKit.swift in Sources */,
				D4629D1E25100EA70049C301 /* ProgressHud.swift in Sources */,
				D438540E2510D22100D93B62 /* ForecastViewModel.swift in Sources */,
				D4629D2525100F650049C301 /* ApiGateway.swift in Sources */,
				D4629D5325101DDA0049C301 /* AppRouterAssembly.swift in Sources */,
				D4629D33251012410049C301 /* Rx.swift in Sources */,
				D4629D1525100CFA0049C301 /* Module.swift in Sources */,
				D4629D352510126A0049C301 /* UIViewController+Rx.swift in Sources */,
				D4629D1325100CF30049C301 /* Resolver.swift in Sources */,
				D4629D2B2510102E0049C301 /* ApiProvider.swift in Sources */,
				D4629D1A25100E650049C301 /* BaseViewController.swift in Sources */,
				D43D77222511537800D4A609 /* Float.swift in Sources */,
				D4629D1725100D020049C301 /* AppContainer.swift in Sources */,
				D4629D5125101D8F0049C301 /* AppRouter.swift in Sources */,
				D4629D2D251011CA0049C301 /* HudStatus.swift in Sources */,
				D438540B2510D21600D93B62 /* ForecastViewController.swift in Sources */,
				D43D77252511723700D4A609 /* ForecastCell.swift in Sources */,
				D44B7C552511252800811430 /* CurrentWeather.swift in Sources */,
			);
			runOnlyForDeploymentPostprocessing = 0;
		};
		D40D224B250FEDA500BAE760 /* Sources */ = {
			isa = PBXSourcesBuildPhase;
			buildActionMask = 2147483647;
			files = (
				D40D2254250FEDA500BAE760 /* WeatherAppTests.swift in Sources */,
			);
			runOnlyForDeploymentPostprocessing = 0;
		};
/* End PBXSourcesBuildPhase section */

/* Begin PBXTargetDependency section */
		D40D2251250FEDA500BAE760 /* PBXTargetDependency */ = {
			isa = PBXTargetDependency;
			target = D40D2238250FEDA000BAE760 /* WeatherApp */;
			targetProxy = D40D2250250FEDA500BAE760 /* PBXContainerItemProxy */;
		};
/* End PBXTargetDependency section */

/* Begin PBXVariantGroup section */
		D40D2247250FEDA500BAE760 /* LaunchScreen.storyboard */ = {
			isa = PBXVariantGroup;
			children = (
				D40D2248250FEDA500BAE760 /* Base */,
			);
			name = LaunchScreen.storyboard;
			sourceTree = "<group>";
		};
/* End PBXVariantGroup section */

/* Begin XCBuildConfiguration section */
		D40D2256250FEDA500BAE760 /* Debug */ = {
			isa = XCBuildConfiguration;
			buildSettings = {
				ALWAYS_SEARCH_USER_PATHS = NO;
				CLANG_ANALYZER_NONNULL = YES;
				CLANG_ANALYZER_NUMBER_OBJECT_CONVERSION = YES_AGGRESSIVE;
				CLANG_CXX_LANGUAGE_STANDARD = "gnu++14";
				CLANG_CXX_LIBRARY = "libc++";
				CLANG_ENABLE_MODULES = YES;
				CLANG_ENABLE_OBJC_ARC = YES;
				CLANG_ENABLE_OBJC_WEAK = YES;
				CLANG_WARN_BLOCK_CAPTURE_AUTORELEASING = YES;
				CLANG_WARN_BOOL_CONVERSION = YES;
				CLANG_WARN_COMMA = YES;
				CLANG_WARN_CONSTANT_CONVERSION = YES;
				CLANG_WARN_DEPRECATED_OBJC_IMPLEMENTATIONS = YES;
				CLANG_WARN_DIRECT_OBJC_ISA_USAGE = YES_ERROR;
				CLANG_WARN_DOCUMENTATION_COMMENTS = YES;
				CLANG_WARN_EMPTY_BODY = YES;
				CLANG_WARN_ENUM_CONVERSION = YES;
				CLANG_WARN_INFINITE_RECURSION = YES;
				CLANG_WARN_INT_CONVERSION = YES;
				CLANG_WARN_NON_LITERAL_NULL_CONVERSION = YES;
				CLANG_WARN_OBJC_IMPLICIT_RETAIN_SELF = YES;
				CLANG_WARN_OBJC_LITERAL_CONVERSION = YES;
				CLANG_WARN_OBJC_ROOT_CLASS = YES_ERROR;
				CLANG_WARN_RANGE_LOOP_ANALYSIS = YES;
				CLANG_WARN_STRICT_PROTOTYPES = YES;
				CLANG_WARN_SUSPICIOUS_MOVE = YES;
				CLANG_WARN_UNGUARDED_AVAILABILITY = YES_AGGRESSIVE;
				CLANG_WARN_UNREACHABLE_CODE = YES;
				CLANG_WARN__DUPLICATE_METHOD_MATCH = YES;
				COPY_PHASE_STRIP = NO;
				DEBUG_INFORMATION_FORMAT = dwarf;
				ENABLE_STRICT_OBJC_MSGSEND = YES;
				ENABLE_TESTABILITY = YES;
				GCC_C_LANGUAGE_STANDARD = gnu11;
				GCC_DYNAMIC_NO_PIC = NO;
				GCC_NO_COMMON_BLOCKS = YES;
				GCC_OPTIMIZATION_LEVEL = 0;
				GCC_PREPROCESSOR_DEFINITIONS = (
					"DEBUG=1",
					"$(inherited)",
				);
				GCC_WARN_64_TO_32_BIT_CONVERSION = YES;
				GCC_WARN_ABOUT_RETURN_TYPE = YES_ERROR;
				GCC_WARN_UNDECLARED_SELECTOR = YES;
				GCC_WARN_UNINITIALIZED_AUTOS = YES_AGGRESSIVE;
				GCC_WARN_UNUSED_FUNCTION = YES;
				GCC_WARN_UNUSED_VARIABLE = YES;
				IPHONEOS_DEPLOYMENT_TARGET = 13.0;
				MTL_ENABLE_DEBUG_INFO = INCLUDE_SOURCE;
				MTL_FAST_MATH = YES;
				ONLY_ACTIVE_ARCH = YES;
				SDKROOT = iphoneos;
				SWIFT_ACTIVE_COMPILATION_CONDITIONS = DEBUG;
				SWIFT_OPTIMIZATION_LEVEL = "-Onone";
			};
			name = Debug;
		};
		D40D2257250FEDA500BAE760 /* Release */ = {
			isa = XCBuildConfiguration;
			buildSettings = {
				ALWAYS_SEARCH_USER_PATHS = NO;
				CLANG_ANALYZER_NONNULL = YES;
				CLANG_ANALYZER_NUMBER_OBJECT_CONVERSION = YES_AGGRESSIVE;
				CLANG_CXX_LANGUAGE_STANDARD = "gnu++14";
				CLANG_CXX_LIBRARY = "libc++";
				CLANG_ENABLE_MODULES = YES;
				CLANG_ENABLE_OBJC_ARC = YES;
				CLANG_ENABLE_OBJC_WEAK = YES;
				CLANG_WARN_BLOCK_CAPTURE_AUTORELEASING = YES;
				CLANG_WARN_BOOL_CONVERSION = YES;
				CLANG_WARN_COMMA = YES;
				CLANG_WARN_CONSTANT_CONVERSION = YES;
				CLANG_WARN_DEPRECATED_OBJC_IMPLEMENTATIONS = YES;
				CLANG_WARN_DIRECT_OBJC_ISA_USAGE = YES_ERROR;
				CLANG_WARN_DOCUMENTATION_COMMENTS = YES;
				CLANG_WARN_EMPTY_BODY = YES;
				CLANG_WARN_ENUM_CONVERSION = YES;
				CLANG_WARN_INFINITE_RECURSION = YES;
				CLANG_WARN_INT_CONVERSION = YES;
				CLANG_WARN_NON_LITERAL_NULL_CONVERSION = YES;
				CLANG_WARN_OBJC_IMPLICIT_RETAIN_SELF = YES;
				CLANG_WARN_OBJC_LITERAL_CONVERSION = YES;
				CLANG_WARN_OBJC_ROOT_CLASS = YES_ERROR;
				CLANG_WARN_RANGE_LOOP_ANALYSIS = YES;
				CLANG_WARN_STRICT_PROTOTYPES = YES;
				CLANG_WARN_SUSPICIOUS_MOVE = YES;
				CLANG_WARN_UNGUARDED_AVAILABILITY = YES_AGGRESSIVE;
				CLANG_WARN_UNREACHABLE_CODE = YES;
				CLANG_WARN__DUPLICATE_METHOD_MATCH = YES;
				COPY_PHASE_STRIP = NO;
				DEBUG_INFORMATION_FORMAT = "dwarf-with-dsym";
				ENABLE_NS_ASSERTIONS = NO;
				ENABLE_STRICT_OBJC_MSGSEND = YES;
				GCC_C_LANGUAGE_STANDARD = gnu11;
				GCC_NO_COMMON_BLOCKS = YES;
				GCC_WARN_64_TO_32_BIT_CONVERSION = YES;
				GCC_WARN_ABOUT_RETURN_TYPE = YES_ERROR;
				GCC_WARN_UNDECLARED_SELECTOR = YES;
				GCC_WARN_UNINITIALIZED_AUTOS = YES_AGGRESSIVE;
				GCC_WARN_UNUSED_FUNCTION = YES;
				GCC_WARN_UNUSED_VARIABLE = YES;
				IPHONEOS_DEPLOYMENT_TARGET = 13.0;
				MTL_ENABLE_DEBUG_INFO = NO;
				MTL_FAST_MATH = YES;
				SDKROOT = iphoneos;
				SWIFT_COMPILATION_MODE = wholemodule;
				SWIFT_OPTIMIZATION_LEVEL = "-O";
				VALIDATE_PRODUCT = YES;
			};
			name = Release;
		};
		D40D2259250FEDA500BAE760 /* Debug */ = {
			isa = XCBuildConfiguration;
			baseConfigurationReference = C4B9C6EF882851AAD3623745 /* Pods-WeatherApp.debug.xcconfig */;
			buildSettings = {
				ASSETCATALOG_COMPILER_APPICON_NAME = AppIcon;
				CODE_SIGN_ENTITLEMENTS = "";
				"CODE_SIGN_IDENTITY[sdk=macosx*]" = "Apple Development";
				CODE_SIGN_STYLE = Automatic;
				DEVELOPMENT_TEAM = QXZ7LH92J7;
				INFOPLIST_FILE = WeatherApp/Resources/Info.plist;
				LD_RUNPATH_SEARCH_PATHS = (
					"$(inherited)",
					"@executable_path/Frameworks",
				);
				PRODUCT_BUNDLE_IDENTIFIER = ov.WeatherApp;
				PRODUCT_NAME = "$(TARGET_NAME)";
				SUPPORTS_MACCATALYST = NO;
				SWIFT_VERSION = 5.0;
				TARGETED_DEVICE_FAMILY = "1,2";
			};
			name = Debug;
		};
		D40D225A250FEDA500BAE760 /* Release */ = {
			isa = XCBuildConfiguration;
			baseConfigurationReference = 07EE7E2B3A20ECA50D3EACF5 /* Pods-WeatherApp.release.xcconfig */;
			buildSettings = {
				ASSETCATALOG_COMPILER_APPICON_NAME = AppIcon;
				CODE_SIGN_ENTITLEMENTS = "";
				"CODE_SIGN_IDENTITY[sdk=macosx*]" = "Apple Development";
				CODE_SIGN_STYLE = Automatic;
				DEVELOPMENT_TEAM = QXZ7LH92J7;
				INFOPLIST_FILE = WeatherApp/Resources/Info.plist;
				LD_RUNPATH_SEARCH_PATHS = (
					"$(inherited)",
					"@executable_path/Frameworks",
				);
				PRODUCT_BUNDLE_IDENTIFIER = ov.WeatherApp;
				PRODUCT_NAME = "$(TARGET_NAME)";
				SUPPORTS_MACCATALYST = NO;
				SWIFT_VERSION = 5.0;
				TARGETED_DEVICE_FAMILY = "1,2";
			};
			name = Release;
		};
		D40D225C250FEDA500BAE760 /* Debug */ = {
			isa = XCBuildConfiguration;
			baseConfigurationReference = 440E69CF9A67D1ACE489B39A /* Pods-WeatherAppTests.debug.xcconfig */;
			buildSettings = {
				ALWAYS_EMBED_SWIFT_STANDARD_LIBRARIES = YES;
				BUNDLE_LOADER = "$(TEST_HOST)";
				CODE_SIGN_STYLE = Automatic;
				DEVELOPMENT_TEAM = QXZ7LH92J7;
				INFOPLIST_FILE = WeatherAppTests/Info.plist;
				IPHONEOS_DEPLOYMENT_TARGET = 13.2;
				LD_RUNPATH_SEARCH_PATHS = (
					"$(inherited)",
					"@executable_path/Frameworks",
					"@loader_path/Frameworks",
				);
				PRODUCT_BUNDLE_IDENTIFIER = ov.WeatherAppTests;
				PRODUCT_NAME = "$(TARGET_NAME)";
				SWIFT_VERSION = 5.0;
				TARGETED_DEVICE_FAMILY = "1,2";
				TEST_HOST = "$(BUILT_PRODUCTS_DIR)/WeatherApp.app/WeatherApp";
			};
			name = Debug;
		};
		D40D225D250FEDA500BAE760 /* Release */ = {
			isa = XCBuildConfiguration;
			baseConfigurationReference = AADB2BB1D1ADBE79360940AE /* Pods-WeatherAppTests.release.xcconfig */;
			buildSettings = {
				ALWAYS_EMBED_SWIFT_STANDARD_LIBRARIES = YES;
				BUNDLE_LOADER = "$(TEST_HOST)";
				CODE_SIGN_STYLE = Automatic;
				DEVELOPMENT_TEAM = QXZ7LH92J7;
				INFOPLIST_FILE = WeatherAppTests/Info.plist;
				IPHONEOS_DEPLOYMENT_TARGET = 13.2;
				LD_RUNPATH_SEARCH_PATHS = (
					"$(inherited)",
					"@executable_path/Frameworks",
					"@loader_path/Frameworks",
				);
				PRODUCT_BUNDLE_IDENTIFIER = ov.WeatherAppTests;
				PRODUCT_NAME = "$(TARGET_NAME)";
				SWIFT_VERSION = 5.0;
				TARGETED_DEVICE_FAMILY = "1,2";
				TEST_HOST = "$(BUILT_PRODUCTS_DIR)/WeatherApp.app/WeatherApp";
			};
			name = Release;
		};
/* End XCBuildConfiguration section */

/* Begin XCConfigurationList section */
		D40D2234250FEDA000BAE760 /* Build configuration list for PBXProject "WeatherApp" */ = {
			isa = XCConfigurationList;
			buildConfigurations = (
				D40D2256250FEDA500BAE760 /* Debug */,
				D40D2257250FEDA500BAE760 /* Release */,
			);
			defaultConfigurationIsVisible = 0;
			defaultConfigurationName = Release;
		};
		D40D2258250FEDA500BAE760 /* Build configuration list for PBXNativeTarget "WeatherApp" */ = {
			isa = XCConfigurationList;
			buildConfigurations = (
				D40D2259250FEDA500BAE760 /* Debug */,
				D40D225A250FEDA500BAE760 /* Release */,
			);
			defaultConfigurationIsVisible = 0;
			defaultConfigurationName = Release;
		};
		D40D225B250FEDA500BAE760 /* Build configuration list for PBXNativeTarget "WeatherAppTests" */ = {
			isa = XCConfigurationList;
			buildConfigurations = (
				D40D225C250FEDA500BAE760 /* Debug */,
				D40D225D250FEDA500BAE760 /* Release */,
			);
			defaultConfigurationIsVisible = 0;
			defaultConfigurationName = Release;
		};
/* End XCConfigurationList section */
	};
	rootObject = D40D2231250FEDA000BAE760 /* Project object */;
}
